
Microsoft Visual Studio Solution File, Format Version 12.00
# Visual Studio Version 17
VisualStudioVersion = 17.4.33122.133
MinimumVisualStudioVersion = 10.0.40219.1
Project("{FAE04EC0-301F-11D3-BF4B-00C04F79EFBC}") = "Collection_Demo_Problem", "Collection_Demo_Problem\Collection_Demo_Problem.csproj", "{C6488B94-2A57-44A6-B1E9-BD4063C68BE7}"
EndProject
Global
	GlobalSection(SolutionConfigurationPlatforms) = preSolution
		Debug|Any CPU = Debug|Any CPU
		Release|Any CPU = Release|Any CPU
	EndGlobalSection
	GlobalSection(ProjectConfigurationPlatforms) = postSolution
		{C6488B94-2A57-44A6-B1E9-BD4063C68BE7}.Debug|Any CPU.ActiveCfg = Debug|Any CPU
		{C6488B94-2A57-44A6-B1E9-BD4063C68BE7}.Debug|Any CPU.Build.0 = Debug|Any CPU
		{C6488B94-2A57-44A6-B1E9-BD4063C68BE7}.Release|Any CPU.ActiveCfg = Release|Any CPU
		{C6488B94-2A57-44A6-B1E9-BD4063C68BE7}.Release|Any CPU.Build.0 = Release|Any CPU
	EndGlobalSection
	GlobalSection(SolutionProperties) = preSolution
		HideSolutionNode = FALSE
	EndGlobalSection
	GlobalSection(ExtensibilityGlobals) = postSolution
		SolutionGuid = {B06E23DD-697D-417C-8E19-2D22AD7BB3A9}
	EndGlobalSection
EndGlobal
